// !$*UTF8*$!
{
	archiveVersion = 1;
	classes = {
	};
	objectVersion = 46;
	objects = {

/* Begin PBXBuildFile section */
		41010AB41E2FEA32008CD9F0 /* AppDelegate.swift in Sources */ = {isa = PBXBuildFile; fileRef = 41010AB31E2FEA32008CD9F0 /* AppDelegate.swift */; };
		41010AB61E2FEA32008CD9F0 /* ViewController.swift in Sources */ = {isa = PBXBuildFile; fileRef = 41010AB51E2FEA32008CD9F0 /* ViewController.swift */; };
		41010AB91E2FEA32008CD9F0 /* Main.storyboard in Resources */ = {isa = PBXBuildFile; fileRef = 41010AB71E2FEA32008CD9F0 /* Main.storyboard */; };
		41010ABB1E2FEA33008CD9F0 /* Assets.xcassets in Resources */ = {isa = PBXBuildFile; fileRef = 41010ABA1E2FEA33008CD9F0 /* Assets.xcassets */; };
		41010AC91E2FEA33008CD9F0 /* Final306ProjectTests.swift in Sources */ = {isa = PBXBuildFile; fileRef = 41010AC81E2FEA33008CD9F0 /* Final306ProjectTests.swift */; };
		41010AD41E2FEA33008CD9F0 /* Final306ProjectUITests.swift in Sources */ = {isa = PBXBuildFile; fileRef = 41010AD31E2FEA33008CD9F0 /* Final306ProjectUITests.swift */; };
		416010F21E2FF4850064F9C6 /* MainPageView.swift in Sources */ = {isa = PBXBuildFile; fileRef = 416010F11E2FF4850064F9C6 /* MainPageView.swift */; };
		416010FA1E3141EA0064F9C6 /* Roompage.swift in Sources */ = {isa = PBXBuildFile; fileRef = 416010F91E3141EA0064F9C6 /* Roompage.swift */; };
		41606B5D1E4185A300B823C9 /* loginUser.json in Resources */ = {isa = PBXBuildFile; fileRef = 41606B5C1E4185A300B823C9 /* loginUser.json */; };
		41606B5F1E4186D300B823C9 /* dataRoom.json in Resources */ = {isa = PBXBuildFile; fileRef = 41606B5E1E4186D300B823C9 /* dataRoom.json */; };
		41606B661E418E1C00B823C9 /* Podfile in Resources */ = {isa = PBXBuildFile; fileRef = 41606B651E418E1C00B823C9 /* Podfile */; };
		41606B681E41AED800B823C9 /* oneRoompage.swift in Sources */ = {isa = PBXBuildFile; fileRef = 41606B671E41AED800B823C9 /* oneRoompage.swift */; };
		41606B721E491E3000B823C9 /* logo.png in Resources */ = {isa = PBXBuildFile; fileRef = 41606B711E491E3000B823C9 /* logo.png */; };
		EE62EBBD1B9AFC8103AEBC0A /* Pods_Final306Project.framework in Frameworks */ = {isa = PBXBuildFile; fileRef = A6D8D67D80F8ECC382D3F29E /* Pods_Final306Project.framework */; };
		FA0C04241E672A5800D9A890 /* 100x75.png in Resources */ = {isa = PBXBuildFile; fileRef = FA0C04231E672A5800D9A890 /* 100x75.png */; };
		FA44E8561E6665960044153D /* SmartRoom.php in Resources */ = {isa = PBXBuildFile; fileRef = FA44E8551E6665960044153D /* SmartRoom.php */; };
		FA44E8581E6671770044153D /* register.swift in Sources */ = {isa = PBXBuildFile; fileRef = FA44E8571E6671770044153D /* register.swift */; };
		FA44E85A1E6671890044153D /* Register.php in Resources */ = {isa = PBXBuildFile; fileRef = FA44E8591E6671890044153D /* Register.php */; };
		FA4B509C1E66922A00544CAC /* gif_final_small.gif in Resources */ = {isa = PBXBuildFile; fileRef = FA4B509B1E66922A00544CAC /* gif_final_small.gif */; };
		FA4B509E1E66923200544CAC /* rsz_green_final.png in Resources */ = {isa = PBXBuildFile; fileRef = FA4B509D1E66923200544CAC /* rsz_green_final.png */; };
		FA4B50A01E66925100544CAC /* splash screen.jpg in Resources */ = {isa = PBXBuildFile; fileRef = FA4B509F1E66925100544CAC /* splash screen.jpg */; };
		FA4B50A21E66980200544CAC /* Screen Shot 2017-03-01 at 12.47.25 AM.png in Resources */ = {isa = PBXBuildFile; fileRef = FA4B50A11E66980200544CAC /* Screen Shot 2017-03-01 at 12.47.25 AM.png */; };
		FA4B50A41E669F7000544CAC /* Screen Shot 2017-03-01 at 1.18.46 AM.png in Resources */ = {isa = PBXBuildFile; fileRef = FA4B50A31E669F7000544CAC /* Screen Shot 2017-03-01 at 1.18.46 AM.png */; };
		FA4B50A61E669F9200544CAC /* Screen Shot 2017-03-01 at 1.18.19 AM.png in Resources */ = {isa = PBXBuildFile; fileRef = FA4B50A51E669F9200544CAC /* Screen Shot 2017-03-01 at 1.18.19 AM.png */; };
		FA4B50A81E67238E00544CAC /* Launch.storyboard in Resources */ = {isa = PBXBuildFile; fileRef = FA4B50A71E67238E00544CAC /* Launch.storyboard */; };
/* End PBXBuildFile section */

/* Begin PBXContainerItemProxy section */
		41010AC51E2FEA33008CD9F0 /* PBXContainerItemProxy */ = {
			isa = PBXContainerItemProxy;
			containerPortal = 41010AA81E2FEA32008CD9F0 /* Project object */;
			proxyType = 1;
			remoteGlobalIDString = 41010AAF1E2FEA32008CD9F0;
			remoteInfo = Final306Project;
		};
		41010AD01E2FEA33008CD9F0 /* PBXContainerItemProxy */ = {
			isa = PBXContainerItemProxy;
			containerPortal = 41010AA81E2FEA32008CD9F0 /* Project object */;
			proxyType = 1;
			remoteGlobalIDString = 41010AAF1E2FEA32008CD9F0;
			remoteInfo = Final306Project;
		};
/* End PBXContainerItemProxy section */

/* Begin PBXFileReference section */
		41010AB01E2FEA32008CD9F0 /* Final306Project.app */ = {isa = PBXFileReference; explicitFileType = wrapper.application; includeInIndex = 0; path = Final306Project.app; sourceTree = BUILT_PRODUCTS_DIR; };
		41010AB31E2FEA32008CD9F0 /* AppDelegate.swift */ = {isa = PBXFileReference; lastKnownFileType = sourcecode.swift; path = AppDelegate.swift; sourceTree = "<group>"; };
		41010AB51E2FEA32008CD9F0 /* ViewController.swift */ = {isa = PBXFileReference; lastKnownFileType = sourcecode.swift; path = ViewController.swift; sourceTree = "<group>"; };
		41010AB81E2FEA32008CD9F0 /* Base */ = {isa = PBXFileReference; lastKnownFileType = file.storyboard; name = Base; path = Base.lproj/Main.storyboard; sourceTree = "<group>"; };
		41010ABA1E2FEA33008CD9F0 /* Assets.xcassets */ = {isa = PBXFileReference; lastKnownFileType = folder.assetcatalog; path = Assets.xcassets; sourceTree = "<group>"; };
		41010ABF1E2FEA33008CD9F0 /* Info.plist */ = {isa = PBXFileReference; lastKnownFileType = text.plist.xml; path = Info.plist; sourceTree = "<group>"; };
		41010AC41E2FEA33008CD9F0 /* Final306ProjectTests.xctest */ = {isa = PBXFileReference; explicitFileType = wrapper.cfbundle; includeInIndex = 0; path = Final306ProjectTests.xctest; sourceTree = BUILT_PRODUCTS_DIR; };
		41010AC81E2FEA33008CD9F0 /* Final306ProjectTests.swift */ = {isa = PBXFileReference; lastKnownFileType = sourcecode.swift; path = Final306ProjectTests.swift; sourceTree = "<group>"; };
		41010ACA1E2FEA33008CD9F0 /* Info.plist */ = {isa = PBXFileReference; lastKnownFileType = text.plist.xml; path = Info.plist; sourceTree = "<group>"; };
		41010ACF1E2FEA33008CD9F0 /* Final306ProjectUITests.xctest */ = {isa = PBXFileReference; explicitFileType = wrapper.cfbundle; includeInIndex = 0; path = Final306ProjectUITests.xctest; sourceTree = BUILT_PRODUCTS_DIR; };
		41010AD31E2FEA33008CD9F0 /* Final306ProjectUITests.swift */ = {isa = PBXFileReference; lastKnownFileType = sourcecode.swift; path = Final306ProjectUITests.swift; sourceTree = "<group>"; };
		41010AD51E2FEA33008CD9F0 /* Info.plist */ = {isa = PBXFileReference; lastKnownFileType = text.plist.xml; path = Info.plist; sourceTree = "<group>"; };
		416010F11E2FF4850064F9C6 /* MainPageView.swift */ = {isa = PBXFileReference; fileEncoding = 4; lastKnownFileType = sourcecode.swift; name = MainPageView.swift; path = ../MainPageView.swift; sourceTree = "<group>"; };
		416010F91E3141EA0064F9C6 /* Roompage.swift */ = {isa = PBXFileReference; fileEncoding = 4; lastKnownFileType = sourcecode.swift; path = Roompage.swift; sourceTree = "<group>"; };
		41606B5C1E4185A300B823C9 /* loginUser.json */ = {isa = PBXFileReference; fileEncoding = 4; lastKnownFileType = text.json; path = loginUser.json; sourceTree = "<group>"; };
		41606B5E1E4186D300B823C9 /* dataRoom.json */ = {isa = PBXFileReference; fileEncoding = 4; lastKnownFileType = text.json; path = dataRoom.json; sourceTree = "<group>"; };
		41606B651E418E1C00B823C9 /* Podfile */ = {isa = PBXFileReference; fileEncoding = 4; lastKnownFileType = text; path = Podfile; sourceTree = "<group>"; xcLanguageSpecificationIdentifier = xcode.lang.ruby; };
		41606B671E41AED800B823C9 /* oneRoompage.swift */ = {isa = PBXFileReference; fileEncoding = 4; lastKnownFileType = sourcecode.swift; path = oneRoompage.swift; sourceTree = "<group>"; };
		41606B711E491E3000B823C9 /* logo.png */ = {isa = PBXFileReference; lastKnownFileType = image.png; path = logo.png; sourceTree = "<group>"; };
		534F8FC0A8F31A759307D22D /* Pods-Final306Project.release.xcconfig */ = {isa = PBXFileReference; includeInIndex = 1; lastKnownFileType = text.xcconfig; name = "Pods-Final306Project.release.xcconfig"; path = "Pods/Target Support Files/Pods-Final306Project/Pods-Final306Project.release.xcconfig"; sourceTree = "<group>"; };
		A6D8D67D80F8ECC382D3F29E /* Pods_Final306Project.framework */ = {isa = PBXFileReference; explicitFileType = wrapper.framework; includeInIndex = 0; path = Pods_Final306Project.framework; sourceTree = BUILT_PRODUCTS_DIR; };
		A940E54A3F708FE1D917DF36 /* Pods-Final306Project.debug.xcconfig */ = {isa = PBXFileReference; includeInIndex = 1; lastKnownFileType = text.xcconfig; name = "Pods-Final306Project.debug.xcconfig"; path = "Pods/Target Support Files/Pods-Final306Project/Pods-Final306Project.debug.xcconfig"; sourceTree = "<group>"; };
		FA0C04231E672A5800D9A890 /* 100x75.png */ = {isa = PBXFileReference; lastKnownFileType = image.png; name = 100x75.png; path = ../../100x75.png; sourceTree = "<group>"; };
		FA44E8551E6665960044153D /* SmartRoom.php */ = {isa = PBXFileReference; fileEncoding = 4; lastKnownFileType = text.script.php; path = SmartRoom.php; sourceTree = "<group>"; };
		FA44E8571E6671770044153D /* register.swift */ = {isa = PBXFileReference; fileEncoding = 4; lastKnownFileType = sourcecode.swift; path = register.swift; sourceTree = "<group>"; };
		FA44E8591E6671890044153D /* Register.php */ = {isa = PBXFileReference; fileEncoding = 4; lastKnownFileType = text.script.php; path = Register.php; sourceTree = "<group>"; };
		FA4B509B1E66922A00544CAC /* gif_final_small.gif */ = {isa = PBXFileReference; lastKnownFileType = image.gif; name = gif_final_small.gif; path = ../../gif_final_small.gif; sourceTree = "<group>"; };
		FA4B509D1E66923200544CAC /* rsz_green_final.png */ = {isa = PBXFileReference; lastKnownFileType = image.png; name = rsz_green_final.png; path = ../../rsz_green_final.png; sourceTree = "<group>"; };
		FA4B509F1E66925100544CAC /* splash screen.jpg */ = {isa = PBXFileReference; lastKnownFileType = image.jpeg; name = "splash screen.jpg"; path = "../../splash screen.jpg"; sourceTree = "<group>"; };
		FA4B50A11E66980200544CAC /* Screen Shot 2017-03-01 at 12.47.25 AM.png */ = {isa = PBXFileReference; lastKnownFileType = image.png; name = "Screen Shot 2017-03-01 at 12.47.25 AM.png"; path = "../../../Desktop/Screen Shot 2017-03-01 at 12.47.25 AM.png"; sourceTree = "<group>"; };
		FA4B50A31E669F7000544CAC /* Screen Shot 2017-03-01 at 1.18.46 AM.png */ = {isa = PBXFileReference; lastKnownFileType = image.png; name = "Screen Shot 2017-03-01 at 1.18.46 AM.png"; path = "../../../Desktop/Screen Shot 2017-03-01 at 1.18.46 AM.png"; sourceTree = "<group>"; };
		FA4B50A51E669F9200544CAC /* Screen Shot 2017-03-01 at 1.18.19 AM.png */ = {isa = PBXFileReference; lastKnownFileType = image.png; name = "Screen Shot 2017-03-01 at 1.18.19 AM.png"; path = "../../../Desktop/Screen Shot 2017-03-01 at 1.18.19 AM.png"; sourceTree = "<group>"; };
		FA4B50A71E67238E00544CAC /* Launch.storyboard */ = {isa = PBXFileReference; fileEncoding = 4; lastKnownFileType = file.storyboard; path = Launch.storyboard; sourceTree = "<group>"; };
/* End PBXFileReference section */

/* Begin PBXFrameworksBuildPhase section */
		41010AAD1E2FEA32008CD9F0 /* Frameworks */ = {
			isa = PBXFrameworksBuildPhase;
			buildActionMask = 2147483647;
			files = (
				EE62EBBD1B9AFC8103AEBC0A /* Pods_Final306Project.framework in Frameworks */,
			);
			runOnlyForDeploymentPostprocessing = 0;
		};
		41010AC11E2FEA33008CD9F0 /* Frameworks */ = {
			isa = PBXFrameworksBuildPhase;
			buildActionMask = 2147483647;
			files = (
			);
			runOnlyForDeploymentPostprocessing = 0;
		};
		41010ACC1E2FEA33008CD9F0 /* Frameworks */ = {
			isa = PBXFrameworksBuildPhase;
			buildActionMask = 2147483647;
			files = (
			);
			runOnlyForDeploymentPostprocessing = 0;
		};
/* End PBXFrameworksBuildPhase section */

/* Begin PBXGroup section */
		41010AA71E2FEA32008CD9F0 = {
			isa = PBXGroup;
			children = (
				41010AB21E2FEA32008CD9F0 /* Final306Project */,
				41010AC71E2FEA33008CD9F0 /* Final306ProjectTests */,
				41010AD21E2FEA33008CD9F0 /* Final306ProjectUITests */,
				41010AB11E2FEA32008CD9F0 /* Products */,
				41606B651E418E1C00B823C9 /* Podfile */,
				A46CBC68D86916790ADD3185 /* Pods */,
				4F4165612124216461A0D7B9 /* Frameworks */,
			);
			sourceTree = "<group>";
		};
		41010AB11E2FEA32008CD9F0 /* Products */ = {
			isa = PBXGroup;
			children = (
				41010AB01E2FEA32008CD9F0 /* Final306Project.app */,
				41010AC41E2FEA33008CD9F0 /* Final306ProjectTests.xctest */,
				41010ACF1E2FEA33008CD9F0 /* Final306ProjectUITests.xctest */,
			);
			name = Products;
			sourceTree = "<group>";
		};
		41010AB21E2FEA32008CD9F0 /* Final306Project */ = {
			isa = PBXGroup;
			children = (
				41606B711E491E3000B823C9 /* logo.png */,
				FA4B50A11E66980200544CAC /* Screen Shot 2017-03-01 at 12.47.25 AM.png */,
				FA0C04231E672A5800D9A890 /* 100x75.png */,
				FA4B50A51E669F9200544CAC /* Screen Shot 2017-03-01 at 1.18.19 AM.png */,
				FA4B50A31E669F7000544CAC /* Screen Shot 2017-03-01 at 1.18.46 AM.png */,
				FA4B509D1E66923200544CAC /* rsz_green_final.png */,
				FA4B509F1E66925100544CAC /* splash screen.jpg */,
				FA4B509B1E66922A00544CAC /* gif_final_small.gif */,
				41010AB31E2FEA32008CD9F0 /* AppDelegate.swift */,
				41010AB51E2FEA32008CD9F0 /* ViewController.swift */,
				41010AB71E2FEA32008CD9F0 /* Main.storyboard */,
				416010F11E2FF4850064F9C6 /* MainPageView.swift */,
				416010F91E3141EA0064F9C6 /* Roompage.swift */,
				41606B671E41AED800B823C9 /* oneRoompage.swift */,
				41606B5C1E4185A300B823C9 /* loginUser.json */,
				41606B5E1E4186D300B823C9 /* dataRoom.json */,
				41010ABA1E2FEA33008CD9F0 /* Assets.xcassets */,
				41010ABF1E2FEA33008CD9F0 /* Info.plist */,
				FA44E8551E6665960044153D /* SmartRoom.php */,
				FA44E8571E6671770044153D /* register.swift */,
				FA44E8591E6671890044153D /* Register.php */,
				FA4B50A71E67238E00544CAC /* Launch.storyboard */,
			);
			path = Final306Project;
			sourceTree = "<group>";
		};
		41010AC71E2FEA33008CD9F0 /* Final306ProjectTests */ = {
			isa = PBXGroup;
			children = (
				41010AC81E2FEA33008CD9F0 /* Final306ProjectTests.swift */,
				41010ACA1E2FEA33008CD9F0 /* Info.plist */,
			);
			path = Final306ProjectTests;
			sourceTree = "<group>";
		};
		41010AD21E2FEA33008CD9F0 /* Final306ProjectUITests */ = {
			isa = PBXGroup;
			children = (
				41010AD31E2FEA33008CD9F0 /* Final306ProjectUITests.swift */,
				41010AD51E2FEA33008CD9F0 /* Info.plist */,
			);
			path = Final306ProjectUITests;
			sourceTree = "<group>";
		};
		4F4165612124216461A0D7B9 /* Frameworks */ = {
			isa = PBXGroup;
			children = (
				A6D8D67D80F8ECC382D3F29E /* Pods_Final306Project.framework */,
			);
			name = Frameworks;
			sourceTree = "<group>";
		};
		A46CBC68D86916790ADD3185 /* Pods */ = {
			isa = PBXGroup;
			children = (
				A940E54A3F708FE1D917DF36 /* Pods-Final306Project.debug.xcconfig */,
				534F8FC0A8F31A759307D22D /* Pods-Final306Project.release.xcconfig */,
			);
			name = Pods;
			sourceTree = "<group>";
		};
/* End PBXGroup section */

/* Begin PBXNativeTarget section */
		41010AAF1E2FEA32008CD9F0 /* Final306Project */ = {
			isa = PBXNativeTarget;
			buildConfigurationList = 41010AD81E2FEA33008CD9F0 /* Build configuration list for PBXNativeTarget "Final306Project" */;
			buildPhases = (
				A830A1666B9FAEB542C90329 /* [CP] Check Pods Manifest.lock */,
				41010AAC1E2FEA32008CD9F0 /* Sources */,
				41010AAD1E2FEA32008CD9F0 /* Frameworks */,
				41010AAE1E2FEA32008CD9F0 /* Resources */,
				30B3064B756EF34F46435118 /* [CP] Embed Pods Frameworks */,
				89B1ABEFF28837C963950E95 /* [CP] Copy Pods Resources */,
			);
			buildRules = (
			);
			dependencies = (
			);
			name = Final306Project;
			productName = Final306Project;
			productReference = 41010AB01E2FEA32008CD9F0 /* Final306Project.app */;
			productType = "com.apple.product-type.application";
		};
		41010AC31E2FEA33008CD9F0 /* Final306ProjectTests */ = {
			isa = PBXNativeTarget;
			buildConfigurationList = 41010ADB1E2FEA33008CD9F0 /* Build configuration list for PBXNativeTarget "Final306ProjectTests" */;
			buildPhases = (
				41010AC01E2FEA33008CD9F0 /* Sources */,
				41010AC11E2FEA33008CD9F0 /* Frameworks */,
				41010AC21E2FEA33008CD9F0 /* Resources */,
			);
			buildRules = (
			);
			dependencies = (
				41010AC61E2FEA33008CD9F0 /* PBXTargetDependency */,
			);
			name = Final306ProjectTests;
			productName = Final306ProjectTests;
			productReference = 41010AC41E2FEA33008CD9F0 /* Final306ProjectTests.xctest */;
			productType = "com.apple.product-type.bundle.unit-test";
		};
		41010ACE1E2FEA33008CD9F0 /* Final306ProjectUITests */ = {
			isa = PBXNativeTarget;
			buildConfigurationList = 41010ADE1E2FEA33008CD9F0 /* Build configuration list for PBXNativeTarget "Final306ProjectUITests" */;
			buildPhases = (
				41010ACB1E2FEA33008CD9F0 /* Sources */,
				41010ACC1E2FEA33008CD9F0 /* Frameworks */,
				41010ACD1E2FEA33008CD9F0 /* Resources */,
			);
			buildRules = (
			);
			dependencies = (
				41010AD11E2FEA33008CD9F0 /* PBXTargetDependency */,
			);
			name = Final306ProjectUITests;
			productName = Final306ProjectUITests;
			productReference = 41010ACF1E2FEA33008CD9F0 /* Final306ProjectUITests.xctest */;
			productType = "com.apple.product-type.bundle.ui-testing";
		};
/* End PBXNativeTarget section */

/* Begin PBXProject section */
		41010AA81E2FEA32008CD9F0 /* Project object */ = {
			isa = PBXProject;
			attributes = {
				LastSwiftUpdateCheck = 0820;
				LastUpgradeCheck = 0820;
				ORGANIZATIONNAME = PNGapps;
				TargetAttributes = {
					41010AAF1E2FEA32008CD9F0 = {
						CreatedOnToolsVersion = 8.2.1;
						DevelopmentTeam = FVWAD94GR4;
						LastSwiftMigration = 0820;
						ProvisioningStyle = Automatic;
					};
					41010AC31E2FEA33008CD9F0 = {
						CreatedOnToolsVersion = 8.2.1;
						LastSwiftMigration = 0820;
						ProvisioningStyle = Automatic;
						TestTargetID = 41010AAF1E2FEA32008CD9F0;
					};
					41010ACE1E2FEA33008CD9F0 = {
						CreatedOnToolsVersion = 8.2.1;
						LastSwiftMigration = 0820;
						ProvisioningStyle = Automatic;
						TestTargetID = 41010AAF1E2FEA32008CD9F0;
					};
				};
			};
			buildConfigurationList = 41010AAB1E2FEA32008CD9F0 /* Build configuration list for PBXProject "Final306Project" */;
			compatibilityVersion = "Xcode 3.2";
			developmentRegion = English;
			hasScannedForEncodings = 0;
			knownRegions = (
				en,
				Base,
			);
			mainGroup = 41010AA71E2FEA32008CD9F0;
			productRefGroup = 41010AB11E2FEA32008CD9F0 /* Products */;
			projectDirPath = "";
			projectRoot = "";
			targets = (
				41010AAF1E2FEA32008CD9F0 /* Final306Project */,
				41010AC31E2FEA33008CD9F0 /* Final306ProjectTests */,
				41010ACE1E2FEA33008CD9F0 /* Final306ProjectUITests */,
			);
		};
/* End PBXProject section */

/* Begin PBXResourcesBuildPhase section */
		41010AAE1E2FEA32008CD9F0 /* Resources */ = {
			isa = PBXResourcesBuildPhase;
			buildActionMask = 2147483647;
			files = (
				FA4B50A61E669F9200544CAC /* Screen Shot 2017-03-01 at 1.18.19 AM.png in Resources */,
				FA4B509E1E66923200544CAC /* rsz_green_final.png in Resources */,
				FA0C04241E672A5800D9A890 /* 100x75.png in Resources */,
				41606B721E491E3000B823C9 /* logo.png in Resources */,
				41606B661E418E1C00B823C9 /* Podfile in Resources */,
				FA4B50A01E66925100544CAC /* splash screen.jpg in Resources */,
				FA4B509C1E66922A00544CAC /* gif_final_small.gif in Resources */,
				41606B5F1E4186D300B823C9 /* dataRoom.json in Resources */,
				41010ABB1E2FEA33008CD9F0 /* Assets.xcassets in Resources */,
				41606B5D1E4185A300B823C9 /* loginUser.json in Resources */,
				FA44E85A1E6671890044153D /* Register.php in Resources */,
				FA4B50A21E66980200544CAC /* Screen Shot 2017-03-01 at 12.47.25 AM.png in Resources */,
				FA4B50A81E67238E00544CAC /* Launch.storyboard in Resources */,
				41010AB91E2FEA32008CD9F0 /* Main.storyboard in Resources */,
				FA4B50A41E669F7000544CAC /* Screen Shot 2017-03-01 at 1.18.46 AM.png in Resources */,
				FA44E8561E6665960044153D /* SmartRoom.php in Resources */,
			);
			runOnlyForDeploymentPostprocessing = 0;
		};
		41010AC21E2FEA33008CD9F0 /* Resources */ = {
			isa = PBXResourcesBuildPhase;
			buildActionMask = 2147483647;
			files = (
			);
			runOnlyForDeploymentPostprocessing = 0;
		};
		41010ACD1E2FEA33008CD9F0 /* Resources */ = {
			isa = PBXResourcesBuildPhase;
			buildActionMask = 2147483647;
			files = (
			);
			runOnlyForDeploymentPostprocessing = 0;
		};
/* End PBXResourcesBuildPhase section */

/* Begin PBXShellScriptBuildPhase section */
		30B3064B756EF34F46435118 /* [CP] Embed Pods Frameworks */ = {
			isa = PBXShellScriptBuildPhase;
			buildActionMask = 2147483647;
			files = (
			);
			inputPaths = (
			);
			name = "[CP] Embed Pods Frameworks";
			outputPaths = (
			);
			runOnlyForDeploymentPostprocessing = 0;
			shellPath = /bin/sh;
			shellScript = "\"${SRCROOT}/Pods/Target Support Files/Pods-Final306Project/Pods-Final306Project-frameworks.sh\"\n";
			showEnvVarsInLog = 0;
		};
		89B1ABEFF28837C963950E95 /* [CP] Copy Pods Resources */ = {
			isa = PBXShellScriptBuildPhase;
			buildActionMask = 2147483647;
			files = (
			);
			inputPaths = (
			);
			name = "[CP] Copy Pods Resources";
			outputPaths = (
			);
			runOnlyForDeploymentPostprocessing = 0;
			shellPath = /bin/sh;
			shellScript = "\"${SRCROOT}/Pods/Target Support Files/Pods-Final306Project/Pods-Final306Project-resources.sh\"\n";
			showEnvVarsInLog = 0;
		};
		A830A1666B9FAEB542C90329 /* [CP] Check Pods Manifest.lock */ = {
			isa = PBXShellScriptBuildPhase;
			buildActionMask = 2147483647;
			files = (
			);
			inputPaths = (
			);
			name = "[CP] Check Pods Manifest.lock";
			outputPaths = (
			);
			runOnlyForDeploymentPostprocessing = 0;
			shellPath = /bin/sh;
			shellScript = "diff \"${PODS_ROOT}/../Podfile.lock\" \"${PODS_ROOT}/Manifest.lock\" > /dev/null\nif [[ $? != 0 ]] ; then\n    cat << EOM\nerror: The sandbox is not in sync with the Podfile.lock. Run 'pod install' or update your CocoaPods installation.\nEOM\n    exit 1\nfi\n";
			showEnvVarsInLog = 0;
		};
/* End PBXShellScriptBuildPhase section */

/* Begin PBXSourcesBuildPhase section */
		41010AAC1E2FEA32008CD9F0 /* Sources */ = {
			isa = PBXSourcesBuildPhase;
			buildActionMask = 2147483647;
			files = (
				416010FA1E3141EA0064F9C6 /* Roompage.swift in Sources */,
				41010AB61E2FEA32008CD9F0 /* ViewController.swift in Sources */,
				FA44E8581E6671770044153D /* register.swift in Sources */,
				41606B681E41AED800B823C9 /* oneRoompage.swift in Sources */,
				41010AB41E2FEA32008CD9F0 /* AppDelegate.swift in Sources */,
				416010F21E2FF4850064F9C6 /* MainPageView.swift in Sources */,
			);
			runOnlyForDeploymentPostprocessing = 0;
		};
		41010AC01E2FEA33008CD9F0 /* Sources */ = {
			isa = PBXSourcesBuildPhase;
			buildActionMask = 2147483647;
			files = (
				41010AC91E2FEA33008CD9F0 /* Final306ProjectTests.swift in Sources */,
			);
			runOnlyForDeploymentPostprocessing = 0;
		};
		41010ACB1E2FEA33008CD9F0 /* Sources */ = {
			isa = PBXSourcesBuildPhase;
			buildActionMask = 2147483647;
			files = (
				41010AD41E2FEA33008CD9F0 /* Final306ProjectUITests.swift in Sources */,
			);
			runOnlyForDeploymentPostprocessing = 0;
		};
/* End PBXSourcesBuildPhase section */

/* Begin PBXTargetDependency section */
		41010AC61E2FEA33008CD9F0 /* PBXTargetDependency */ = {
			isa = PBXTargetDependency;
			target = 41010AAF1E2FEA32008CD9F0 /* Final306Project */;
			targetProxy = 41010AC51E2FEA33008CD9F0 /* PBXContainerItemProxy */;
		};
		41010AD11E2FEA33008CD9F0 /* PBXTargetDependency */ = {
			isa = PBXTargetDependency;
			target = 41010AAF1E2FEA32008CD9F0 /* Final306Project */;
			targetProxy = 41010AD01E2FEA33008CD9F0 /* PBXContainerItemProxy */;
		};
/* End PBXTargetDependency section */

/* Begin PBXVariantGroup section */
		41010AB71E2FEA32008CD9F0 /* Main.storyboard */ = {
			isa = PBXVariantGroup;
			children = (
				41010AB81E2FEA32008CD9F0 /* Base */,
			);
			name = Main.storyboard;
			sourceTree = "<group>";
		};
/* End PBXVariantGroup section */

/* Begin XCBuildConfiguration section */
		41010AD61E2FEA33008CD9F0 /* Debug */ = {
			isa = XCBuildConfiguration;
			buildSettings = {
				ALWAYS_SEARCH_USER_PATHS = NO;
				CLANG_ANALYZER_NONNULL = YES;
				CLANG_CXX_LANGUAGE_STANDARD = "gnu++0x";
				CLANG_CXX_LIBRARY = "libc++";
				CLANG_ENABLE_MODULES = YES;
				CLANG_ENABLE_OBJC_ARC = YES;
				CLANG_WARN_BOOL_CONVERSION = YES;
				CLANG_WARN_CONSTANT_CONVERSION = YES;
				CLANG_WARN_DIRECT_OBJC_ISA_USAGE = YES_ERROR;
				CLANG_WARN_DOCUMENTATION_COMMENTS = YES;
				CLANG_WARN_EMPTY_BODY = YES;
				CLANG_WARN_ENUM_CONVERSION = YES;
				CLANG_WARN_INFINITE_RECURSION = YES;
				CLANG_WARN_INT_CONVERSION = YES;
				CLANG_WARN_OBJC_ROOT_CLASS = YES_ERROR;
				CLANG_WARN_SUSPICIOUS_MOVE = YES;
				CLANG_WARN_UNREACHABLE_CODE = YES;
				CLANG_WARN__DUPLICATE_METHOD_MATCH = YES;
				"CODE_SIGN_IDENTITY[sdk=iphoneos*]" = "iPhone Developer";
				COPY_PHASE_STRIP = NO;
				DEBUG_INFORMATION_FORMAT = dwarf;
				ENABLE_STRICT_OBJC_MSGSEND = YES;
				ENABLE_TESTABILITY = YES;
				GCC_C_LANGUAGE_STANDARD = gnu99;
				GCC_DYNAMIC_NO_PIC = NO;
				GCC_NO_COMMON_BLOCKS = YES;
				GCC_OPTIMIZATION_LEVEL = 0;
				GCC_PREPROCESSOR_DEFINITIONS = (
					"DEBUG=1",
					"$(inherited)",
				);
				GCC_WARN_64_TO_32_BIT_CONVERSION = YES;
				GCC_WARN_ABOUT_RETURN_TYPE = YES_ERROR;
				GCC_WARN_UNDECLARED_SELECTOR = YES;
				GCC_WARN_UNINITIALIZED_AUTOS = YES_AGGRESSIVE;
				GCC_WARN_UNUSED_FUNCTION = YES;
				GCC_WARN_UNUSED_VARIABLE = YES;
				IPHONEOS_DEPLOYMENT_TARGET = 10.2;
				MTL_ENABLE_DEBUG_INFO = YES;
				ONLY_ACTIVE_ARCH = YES;
				SDKROOT = iphoneos;
				SWIFT_ACTIVE_COMPILATION_CONDITIONS = DEBUG;
				SWIFT_OPTIMIZATION_LEVEL = "-Onone";
			};
			name = Debug;
		};
		41010AD71E2FEA33008CD9F0 /* Release */ = {
			isa = XCBuildConfiguration;
			buildSettings = {
				ALWAYS_SEARCH_USER_PATHS = NO;
				CLANG_ANALYZER_NONNULL = YES;
				CLANG_CXX_LANGUAGE_STANDARD = "gnu++0x";
				CLANG_CXX_LIBRARY = "libc++";
				CLANG_ENABLE_MODULES = YES;
				CLANG_ENABLE_OBJC_ARC = YES;
				CLANG_WARN_BOOL_CONVERSION = YES;
				CLANG_WARN_CONSTANT_CONVERSION = YES;
				CLANG_WARN_DIRECT_OBJC_ISA_USAGE = YES_ERROR;
				CLANG_WARN_DOCUMENTATION_COMMENTS = YES;
				CLANG_WARN_EMPTY_BODY = YES;
				CLANG_WARN_ENUM_CONVERSION = YES;
				CLANG_WARN_INFINITE_RECURSION = YES;
				CLANG_WARN_INT_CONVERSION = YES;
				CLANG_WARN_OBJC_ROOT_CLASS = YES_ERROR;
				CLANG_WARN_SUSPICIOUS_MOVE = YES;
				CLANG_WARN_UNREACHABLE_CODE = YES;
				CLANG_WARN__DUPLICATE_METHOD_MATCH = YES;
				"CODE_SIGN_IDENTITY[sdk=iphoneos*]" = "iPhone Developer";
				COPY_PHASE_STRIP = NO;
				DEBUG_INFORMATION_FORMAT = "dwarf-with-dsym";
				ENABLE_NS_ASSERTIONS = NO;
				ENABLE_STRICT_OBJC_MSGSEND = YES;
				GCC_C_LANGUAGE_STANDARD = gnu99;
				GCC_NO_COMMON_BLOCKS = YES;
				GCC_WARN_64_TO_32_BIT_CONVERSION = YES;
				GCC_WARN_ABOUT_RETURN_TYPE = YES_ERROR;
				GCC_WARN_UNDECLARED_SELECTOR = YES;
				GCC_WARN_UNINITIALIZED_AUTOS = YES_AGGRESSIVE;
				GCC_WARN_UNUSED_FUNCTION = YES;
				GCC_WARN_UNUSED_VARIABLE = YES;
				IPHONEOS_DEPLOYMENT_TARGET = 10.2;
				MTL_ENABLE_DEBUG_INFO = NO;
				SDKROOT = iphoneos;
				SWIFT_OPTIMIZATION_LEVEL = "-Owholemodule";
				VALIDATE_PRODUCT = YES;
			};
			name = Release;
		};
		41010AD91E2FEA33008CD9F0 /* Debug */ = {
			isa = XCBuildConfiguration;
			baseConfigurationReference = A940E54A3F708FE1D917DF36 /* Pods-Final306Project.debug.xcconfig */;
			buildSettings = {
				ALWAYS_EMBED_SWIFT_STANDARD_LIBRARIES = YES;
				ASSETCATALOG_COMPILER_APPICON_NAME = "AppIcon-2";
				DEVELOPMENT_TEAM = FVWAD94GR4;
				INFOPLIST_FILE = Final306Project/Info.plist;
				IPHONEOS_DEPLOYMENT_TARGET = 10.2;
				LD_RUNPATH_SEARCH_PATHS = "$(inherited) @executable_path/Frameworks";
				PRODUCT_BUNDLE_IDENTIFIER = com.PNGapps.Final306Project;
				PRODUCT_NAME = "$(TARGET_NAME)";
				SWIFT_VERSION = 3.0;
				TARGETED_DEVICE_FAMILY = 1;
			};
			name = Debug;
		};
		41010ADA1E2FEA33008CD9F0 /* Release */ = {
			isa = XCBuildConfiguration;
			baseConfigurationReference = 534F8FC0A8F31A759307D22D /* Pods-Final306Project.release.xcconfig */;
			buildSettings = {
				ALWAYS_EMBED_SWIFT_STANDARD_LIBRARIES = YES;
				ASSETCATALOG_COMPILER_APPICON_NAME = "AppIcon-2";
				DEVELOPMENT_TEAM = FVWAD94GR4;
				INFOPLIST_FILE = Final306Project/Info.plist;
				IPHONEOS_DEPLOYMENT_TARGET = 10.2;
				LD_RUNPATH_SEARCH_PATHS = "$(inherited) @executable_path/Frameworks";
				PRODUCT_BUNDLE_IDENTIFIER = com.PNGapps.Final306Project;
				PRODUCT_NAME = "$(TARGET_NAME)";
				SWIFT_VERSION = 3.0;
				TARGETED_DEVICE_FAMILY = 1;
			};
			name = Release;
		};
		41010ADC1E2FEA33008CD9F0 /* Debug */ = {
			isa = XCBuildConfiguration;
			buildSettings = {
				ALWAYS_EMBED_SWIFT_STANDARD_LIBRARIES = YES;
				BUNDLE_LOADER = "$(TEST_HOST)";
				INFOPLIST_FILE = Final306ProjectTests/Info.plist;
				LD_RUNPATH_SEARCH_PATHS = "$(inherited) @executable_path/Frameworks @loader_path/Frameworks";
				PRODUCT_BUNDLE_IDENTIFIER = com.PNGapps.Final306ProjectTests;
				PRODUCT_NAME = "$(TARGET_NAME)";
				SWIFT_VERSION = 3.0;
				TEST_HOST = "$(BUILT_PRODUCTS_DIR)/Final306Project.app/Final306Project";
			};
			name = Debug;
		};
		41010ADD1E2FEA33008CD9F0 /* Release */ = {
			isa = XCBuildConfiguration;
			buildSettings = {
				ALWAYS_EMBED_SWIFT_STANDARD_LIBRARIES = YES;
				BUNDLE_LOADER = "$(TEST_HOST)";
				INFOPLIST_FILE = Final306ProjectTests/Info.plist;
				LD_RUNPATH_SEARCH_PATHS = "$(inherited) @executable_path/Frameworks @loader_path/Frameworks";
				PRODUCT_BUNDLE_IDENTIFIER = com.PNGapps.Final306ProjectTests;
				PRODUCT_NAME = "$(TARGET_NAME)";
				SWIFT_VERSION = 3.0;
				TEST_HOST = "$(BUILT_PRODUCTS_DIR)/Final306Project.app/Final306Project";
			};
			name = Release;
		};
		41010ADF1E2FEA33008CD9F0 /* Debug */ = {
			isa = XCBuildConfiguration;
			buildSettings = {
				ALWAYS_EMBED_SWIFT_STANDARD_LIBRARIES = YES;
				INFOPLIST_FILE = Final306ProjectUITests/Info.plist;
				LD_RUNPATH_SEARCH_PATHS = "$(inherited) @executable_path/Frameworks @loader_path/Frameworks";
				PRODUCT_BUNDLE_IDENTIFIER = com.PNGapps.Final306ProjectUITests;
				PRODUCT_NAME = "$(TARGET_NAME)";
				SWIFT_VERSION = 3.0;
				TEST_TARGET_NAME = Final306Project;
			};
			name = Debug;
		};
		41010AE01E2FEA33008CD9F0 /* Release */ = {
			isa = XCBuildConfiguration;
			buildSettings = {
				ALWAYS_EMBED_SWIFT_STANDARD_LIBRARIES = YES;
				INFOPLIST_FILE = Final306ProjectUITests/Info.plist;
				LD_RUNPATH_SEARCH_PATHS = "$(inherited) @executable_path/Frameworks @loader_path/Frameworks";
				PRODUCT_BUNDLE_IDENTIFIER = com.PNGapps.Final306ProjectUITests;
				PRODUCT_NAME = "$(TARGET_NAME)";
				SWIFT_VERSION = 3.0;
				TEST_TARGET_NAME = Final306Project;
			};
			name = Release;
		};
/* End XCBuildConfiguration section */

/* Begin XCConfigurationList section */
		41010AAB1E2FEA32008CD9F0 /* Build configuration list for PBXProject "Final306Project" */ = {
			isa = XCConfigurationList;
			buildConfigurations = (
				41010AD61E2FEA33008CD9F0 /* Debug */,
				41010AD71E2FEA33008CD9F0 /* Release */,
			);
			defaultConfigurationIsVisible = 0;
			defaultConfigurationName = Release;
		};
		41010AD81E2FEA33008CD9F0 /* Build configuration list for PBXNativeTarget "Final306Project" */ = {
			isa = XCConfigurationList;
			buildConfigurations = (
				41010AD91E2FEA33008CD9F0 /* Debug */,
				41010ADA1E2FEA33008CD9F0 /* Release */,
			);
			defaultConfigurationIsVisible = 0;
			defaultConfigurationName = Release;
		};
		41010ADB1E2FEA33008CD9F0 /* Build configuration list for PBXNativeTarget "Final306ProjectTests" */ = {
			isa = XCConfigurationList;
			buildConfigurations = (
				41010ADC1E2FEA33008CD9F0 /* Debug */,
				41010ADD1E2FEA33008CD9F0 /* Release */,
			);
			defaultConfigurationIsVisible = 0;
			defaultConfigurationName = Release;
		};
		41010ADE1E2FEA33008CD9F0 /* Build configuration list for PBXNativeTarget "Final306ProjectUITests" */ = {
			isa = XCConfigurationList;
			buildConfigurations = (
				41010ADF1E2FEA33008CD9F0 /* Debug */,
				41010AE01E2FEA33008CD9F0 /* Release */,
			);
			defaultConfigurationIsVisible = 0;
			defaultConfigurationName = Release;
		};
/* End XCConfigurationList section */
	};
	rootObject = 41010AA81E2FEA32008CD9F0 /* Project object */;
}
